
Microsoft Visual Studio Solution File, Format Version 12.00
# Visual Studio Version 17
VisualStudioVersion = 17.0.32126.317
MinimumVisualStudioVersion = 10.0.40219.1
Project("{9A19103F-16F7-4668-BE54-9A1E7A4F7556}") = "E-care", "E-care\E-care.csproj", "{17FC5AD6-A3A8-4714-9F6A-DDD26690A44D}"
EndProject
Project("{9A19103F-16F7-4668-BE54-9A1E7A4F7556}") = "E-care.Dal", "E-care.Dal\E-care.Dal.csproj", "{4CB1C2E8-1CA9-455C-ACEC-24DA68BFE8B5}"
EndProject
Project("{9A19103F-16F7-4668-BE54-9A1E7A4F7556}") = "E-care.Domain", "E-care.Domain\E-care.Domain.csproj", "{055CF004-7BAB-4499-8A8C-3AD146C9602D}"
EndProject
Project("{9A19103F-16F7-4668-BE54-9A1E7A4F7556}") = "E-care.Services", "E-care.Services\E-care.Services.csproj", "{D3150805-2CF1-4905-9891-5F9E82A8FB06}"
EndProject
Project("{9A19103F-16F7-4668-BE54-9A1E7A4F7556}") = "E-care.Common", "E-care.Dtos\E-care.Common.csproj", "{F95871D8-D318-4810-B99B-BDE814E92669}"
EndProject
Global
	GlobalSection(SolutionConfigurationPlatforms) = preSolution
		Debug|Any CPU = Debug|Any CPU
		Release|Any CPU = Release|Any CPU
	EndGlobalSection
	GlobalSection(ProjectConfigurationPlatforms) = postSolution
		{17FC5AD6-A3A8-4714-9F6A-DDD26690A44D}.Debug|Any CPU.ActiveCfg = Debug|Any CPU
		{17FC5AD6-A3A8-4714-9F6A-DDD26690A44D}.Debug|Any CPU.Build.0 = Debug|Any CPU
		{17FC5AD6-A3A8-4714-9F6A-DDD26690A44D}.Release|Any CPU.ActiveCfg = Release|Any CPU
		{17FC5AD6-A3A8-4714-9F6A-DDD26690A44D}.Release|Any CPU.Build.0 = Release|Any CPU
		{4CB1C2E8-1CA9-455C-ACEC-24DA68BFE8B5}.Debug|Any CPU.ActiveCfg = Debug|Any CPU
		{4CB1C2E8-1CA9-455C-ACEC-24DA68BFE8B5}.Debug|Any CPU.Build.0 = Debug|Any CPU
		{4CB1C2E8-1CA9-455C-ACEC-24DA68BFE8B5}.Release|Any CPU.ActiveCfg = Release|Any CPU
		{4CB1C2E8-1CA9-455C-ACEC-24DA68BFE8B5}.Release|Any CPU.Build.0 = Release|Any CPU
		{055CF004-7BAB-4499-8A8C-3AD146C9602D}.Debug|Any CPU.ActiveCfg = Debug|Any CPU
		{055CF004-7BAB-4499-8A8C-3AD146C9602D}.Debug|Any CPU.Build.0 = Debug|Any CPU
		{055CF004-7BAB-4499-8A8C-3AD146C9602D}.Release|Any CPU.ActiveCfg = Release|Any CPU
		{055CF004-7BAB-4499-8A8C-3AD146C9602D}.Release|Any CPU.Build.0 = Release|Any CPU
		{D3150805-2CF1-4905-9891-5F9E82A8FB06}.Debug|Any CPU.ActiveCfg = Debug|Any CPU
		{D3150805-2CF1-4905-9891-5F9E82A8FB06}.Debug|Any CPU.Build.0 = Debug|Any CPU
		{D3150805-2CF1-4905-9891-5F9E82A8FB06}.Release|Any CPU.ActiveCfg = Release|Any CPU
		{D3150805-2CF1-4905-9891-5F9E82A8FB06}.Release|Any CPU.Build.0 = Release|Any CPU
		{F95871D8-D318-4810-B99B-BDE814E92669}.Debug|Any CPU.ActiveCfg = Debug|Any CPU
		{F95871D8-D318-4810-B99B-BDE814E92669}.Debug|Any CPU.Build.0 = Debug|Any CPU
		{F95871D8-D318-4810-B99B-BDE814E92669}.Release|Any CPU.ActiveCfg = Release|Any CPU
		{F95871D8-D318-4810-B99B-BDE814E92669}.Release|Any CPU.Build.0 = Release|Any CPU
	EndGlobalSection
	GlobalSection(SolutionProperties) = preSolution
		HideSolutionNode = FALSE
	EndGlobalSection
	GlobalSection(ExtensibilityGlobals) = postSolution
		SolutionGuid = {41CF0EA7-3AEE-4CBD-B482-FE3F7FFB301A}
	EndGlobalSection
EndGlobal
